
Microsoft Visual Studio Solution File, Format Version 12.00
# Visual Studio Version 17
VisualStudioVersion = 17.9.34518.117
MinimumVisualStudioVersion = 10.0.40219.1
Project("{FAE04EC0-301F-11D3-BF4B-00C04F79EFBC}") = "03.Numbers", "03.Numbers\03.Numbers.csproj", "{6A992F0F-8951-4A1F-BCD8-057BDE82EE4D}"
EndProject
Project("{FAE04EC0-301F-11D3-BF4B-00C04F79EFBC}") = "01.SoftUniReception", "01.SoftUniReception\01.SoftUniReception.csproj", "{E7AC38D6-C7D8-49E6-9323-2150C93468E4}"
EndProject
Global
	GlobalSection(SolutionConfigurationPlatforms) = preSolution
		Debug|Any CPU = Debug|Any CPU
		Release|Any CPU = Release|Any CPU
	EndGlobalSection
	GlobalSection(ProjectConfigurationPlatforms) = postSolution
		{6A992F0F-8951-4A1F-BCD8-057BDE82EE4D}.Debug|Any CPU.ActiveCfg = Debug|Any CPU
		{6A992F0F-8951-4A1F-BCD8-057BDE82EE4D}.Debug|Any CPU.Build.0 = Debug|Any CPU
		{6A992F0F-8951-4A1F-BCD8-057BDE82EE4D}.Release|Any CPU.ActiveCfg = Release|Any CPU
		{6A992F0F-8951-4A1F-BCD8-057BDE82EE4D}.Release|Any CPU.Build.0 = Release|Any CPU
		{E7AC38D6-C7D8-49E6-9323-2150C93468E4}.Debug|Any CPU.ActiveCfg = Debug|Any CPU
		{E7AC38D6-C7D8-49E6-9323-2150C93468E4}.Debug|Any CPU.Build.0 = Debug|Any CPU
		{E7AC38D6-C7D8-49E6-9323-2150C93468E4}.Release|Any CPU.ActiveCfg = Release|Any CPU
		{E7AC38D6-C7D8-49E6-9323-2150C93468E4}.Release|Any CPU.Build.0 = Release|Any CPU
	EndGlobalSection
	GlobalSection(SolutionProperties) = preSolution
		HideSolutionNode = FALSE
	EndGlobalSection
	GlobalSection(ExtensibilityGlobals) = postSolution
		SolutionGuid = {2ADF4AF8-DD79-465D-9EA0-8EE3F4BA6C89}
	EndGlobalSection
EndGlobal
