
Microsoft Visual Studio Solution File, Format Version 12.00
# Visual Studio Version 17
VisualStudioVersion = 17.9.34526.213
MinimumVisualStudioVersion = 10.0.40219.1
Project("{9A19103F-16F7-4668-BE54-9A1E7A4F7556}") = "01.SecretChat", "01.SecretChat\01.SecretChat.csproj", "{C1C49F22-D6B7-4177-9A45-826F794D68C2}"
EndProject
Project("{FAE04EC0-301F-11D3-BF4B-00C04F79EFBC}") = "03.NeedForSpeedIII", "03.NeedForSpeedIII\03.NeedForSpeedIII.csproj", "{7483A846-DF1E-4C20-84BF-8C3D972F9FD4}"
EndProject
Global
	GlobalSection(SolutionConfigurationPlatforms) = preSolution
		Debug|Any CPU = Debug|Any CPU
		Release|Any CPU = Release|Any CPU
	EndGlobalSection
	GlobalSection(ProjectConfigurationPlatforms) = postSolution
		{C1C49F22-D6B7-4177-9A45-826F794D68C2}.Debug|Any CPU.ActiveCfg = Debug|Any CPU
		{C1C49F22-D6B7-4177-9A45-826F794D68C2}.Debug|Any CPU.Build.0 = Debug|Any CPU
		{C1C49F22-D6B7-4177-9A45-826F794D68C2}.Release|Any CPU.ActiveCfg = Release|Any CPU
		{C1C49F22-D6B7-4177-9A45-826F794D68C2}.Release|Any CPU.Build.0 = Release|Any CPU
		{7483A846-DF1E-4C20-84BF-8C3D972F9FD4}.Debug|Any CPU.ActiveCfg = Debug|Any CPU
		{7483A846-DF1E-4C20-84BF-8C3D972F9FD4}.Debug|Any CPU.Build.0 = Debug|Any CPU
		{7483A846-DF1E-4C20-84BF-8C3D972F9FD4}.Release|Any CPU.ActiveCfg = Release|Any CPU
		{7483A846-DF1E-4C20-84BF-8C3D972F9FD4}.Release|Any CPU.Build.0 = Release|Any CPU
	EndGlobalSection
	GlobalSection(SolutionProperties) = preSolution
		HideSolutionNode = FALSE
	EndGlobalSection
	GlobalSection(ExtensibilityGlobals) = postSolution
		SolutionGuid = {30AF04D4-1A93-4F39-ACD4-D2BFFE4B9B76}
	EndGlobalSection
EndGlobal
