
Microsoft Visual Studio Solution File, Format Version 12.00
# Visual Studio Version 17
VisualStudioVersion = 17.9.34518.117
MinimumVisualStudioVersion = 10.0.40219.1
Project("{9A19103F-16F7-4668-BE54-9A1E7A4F7556}") = "03.LastKNumbersSums", "03.LastKNumbersSums\03.LastKNumbersSums.csproj", "{F6D0A323-CA57-42DB-B93E-F794DC392E98}"
EndProject
Project("{FAE04EC0-301F-11D3-BF4B-00C04F79EFBC}") = "04.TripleSum", "04.TripleSum\04.TripleSum.csproj", "{58349152-A1C8-4A73-AFF7-0BED41C78B5A}"
EndProject
Project("{FAE04EC0-301F-11D3-BF4B-00C04F79EFBC}") = "07.SumArrays", "07.SumArrays\07.SumArrays.csproj", "{B556D3D4-19DB-4555-8183-AAC97614745F}"
EndProject
Project("{FAE04EC0-301F-11D3-BF4B-00C04F79EFBC}") = "09.ExtractMiddleElements", "09.ExtractMiddleElements\09.ExtractMiddleElements.csproj", "{AB386BC2-01A4-4F46-A73F-6B6E40AE4594}"
EndProject
Global
	GlobalSection(SolutionConfigurationPlatforms) = preSolution
		Debug|Any CPU = Debug|Any CPU
		Release|Any CPU = Release|Any CPU
	EndGlobalSection
	GlobalSection(ProjectConfigurationPlatforms) = postSolution
		{F6D0A323-CA57-42DB-B93E-F794DC392E98}.Debug|Any CPU.ActiveCfg = Debug|Any CPU
		{F6D0A323-CA57-42DB-B93E-F794DC392E98}.Debug|Any CPU.Build.0 = Debug|Any CPU
		{F6D0A323-CA57-42DB-B93E-F794DC392E98}.Release|Any CPU.ActiveCfg = Release|Any CPU
		{F6D0A323-CA57-42DB-B93E-F794DC392E98}.Release|Any CPU.Build.0 = Release|Any CPU
		{58349152-A1C8-4A73-AFF7-0BED41C78B5A}.Debug|Any CPU.ActiveCfg = Debug|Any CPU
		{58349152-A1C8-4A73-AFF7-0BED41C78B5A}.Debug|Any CPU.Build.0 = Debug|Any CPU
		{58349152-A1C8-4A73-AFF7-0BED41C78B5A}.Release|Any CPU.ActiveCfg = Release|Any CPU
		{58349152-A1C8-4A73-AFF7-0BED41C78B5A}.Release|Any CPU.Build.0 = Release|Any CPU
		{B556D3D4-19DB-4555-8183-AAC97614745F}.Debug|Any CPU.ActiveCfg = Debug|Any CPU
		{B556D3D4-19DB-4555-8183-AAC97614745F}.Debug|Any CPU.Build.0 = Debug|Any CPU
		{B556D3D4-19DB-4555-8183-AAC97614745F}.Release|Any CPU.ActiveCfg = Release|Any CPU
		{B556D3D4-19DB-4555-8183-AAC97614745F}.Release|Any CPU.Build.0 = Release|Any CPU
		{AB386BC2-01A4-4F46-A73F-6B6E40AE4594}.Debug|Any CPU.ActiveCfg = Debug|Any CPU
		{AB386BC2-01A4-4F46-A73F-6B6E40AE4594}.Debug|Any CPU.Build.0 = Debug|Any CPU
		{AB386BC2-01A4-4F46-A73F-6B6E40AE4594}.Release|Any CPU.ActiveCfg = Release|Any CPU
		{AB386BC2-01A4-4F46-A73F-6B6E40AE4594}.Release|Any CPU.Build.0 = Release|Any CPU
	EndGlobalSection
	GlobalSection(SolutionProperties) = preSolution
		HideSolutionNode = FALSE
	EndGlobalSection
	GlobalSection(ExtensibilityGlobals) = postSolution
		SolutionGuid = {38862894-BE53-4FEB-84EC-73F900E19384}
	EndGlobalSection
EndGlobal
