
Microsoft Visual Studio Solution File, Format Version 12.00
# Visual Studio Version 17
VisualStudioVersion = 17.9.34526.213
MinimumVisualStudioVersion = 10.0.40219.1
Project("{9A19103F-16F7-4668-BE54-9A1E7A4F7556}") = "01.Ranking", "01.Ranking\01.Ranking.csproj", "{A81A8E6F-1535-4C61-ACC2-10354724EF1C}"
EndProject
Project("{9A19103F-16F7-4668-BE54-9A1E7A4F7556}") = "02.Judge", "02.Judge\02.Judge.csproj", "{BEAC4796-3BCD-48E8-B18E-E41D2EFB45D4}"
EndProject
Project("{9A19103F-16F7-4668-BE54-9A1E7A4F7556}") = "03.MOBAChallenger", "03.MOBAChallenger\03.MOBAChallenger.csproj", "{1C5BFDD5-31D3-4819-9C6D-129B80B6ED45}"
EndProject
Project("{FAE04EC0-301F-11D3-BF4B-00C04F79EFBC}") = "04.Snowwhite", "04.Snowwhite\04.Snowwhite.csproj", "{B3D61279-138B-4631-BBBD-0B799045379E}"
EndProject
Global
	GlobalSection(SolutionConfigurationPlatforms) = preSolution
		Debug|Any CPU = Debug|Any CPU
		Release|Any CPU = Release|Any CPU
	EndGlobalSection
	GlobalSection(ProjectConfigurationPlatforms) = postSolution
		{A81A8E6F-1535-4C61-ACC2-10354724EF1C}.Debug|Any CPU.ActiveCfg = Debug|Any CPU
		{A81A8E6F-1535-4C61-ACC2-10354724EF1C}.Debug|Any CPU.Build.0 = Debug|Any CPU
		{A81A8E6F-1535-4C61-ACC2-10354724EF1C}.Release|Any CPU.ActiveCfg = Release|Any CPU
		{A81A8E6F-1535-4C61-ACC2-10354724EF1C}.Release|Any CPU.Build.0 = Release|Any CPU
		{BEAC4796-3BCD-48E8-B18E-E41D2EFB45D4}.Debug|Any CPU.ActiveCfg = Debug|Any CPU
		{BEAC4796-3BCD-48E8-B18E-E41D2EFB45D4}.Debug|Any CPU.Build.0 = Debug|Any CPU
		{BEAC4796-3BCD-48E8-B18E-E41D2EFB45D4}.Release|Any CPU.ActiveCfg = Release|Any CPU
		{BEAC4796-3BCD-48E8-B18E-E41D2EFB45D4}.Release|Any CPU.Build.0 = Release|Any CPU
		{1C5BFDD5-31D3-4819-9C6D-129B80B6ED45}.Debug|Any CPU.ActiveCfg = Debug|Any CPU
		{1C5BFDD5-31D3-4819-9C6D-129B80B6ED45}.Debug|Any CPU.Build.0 = Debug|Any CPU
		{1C5BFDD5-31D3-4819-9C6D-129B80B6ED45}.Release|Any CPU.ActiveCfg = Release|Any CPU
		{1C5BFDD5-31D3-4819-9C6D-129B80B6ED45}.Release|Any CPU.Build.0 = Release|Any CPU
		{B3D61279-138B-4631-BBBD-0B799045379E}.Debug|Any CPU.ActiveCfg = Debug|Any CPU
		{B3D61279-138B-4631-BBBD-0B799045379E}.Debug|Any CPU.Build.0 = Debug|Any CPU
		{B3D61279-138B-4631-BBBD-0B799045379E}.Release|Any CPU.ActiveCfg = Release|Any CPU
		{B3D61279-138B-4631-BBBD-0B799045379E}.Release|Any CPU.Build.0 = Release|Any CPU
	EndGlobalSection
	GlobalSection(SolutionProperties) = preSolution
		HideSolutionNode = FALSE
	EndGlobalSection
	GlobalSection(ExtensibilityGlobals) = postSolution
		SolutionGuid = {8D318A5C-D2AA-4F74-A0E7-99C3BCEC34AE}
	EndGlobalSection
EndGlobal
