
Microsoft Visual Studio Solution File, Format Version 12.00
# Visual Studio Version 17
VisualStudioVersion = 17.9.34414.90
MinimumVisualStudioVersion = 10.0.40219.1
Project("{FAE04EC0-301F-11D3-BF4B-00C04F79EFBC}") = "01.EncryptSortAndPrintArray", "01.EncryptSortAndPrintArray\01.EncryptSortAndPrintArray.csproj", "{408D675F-88AF-4C6A-AB2A-D5E2BF2D47E1}"
EndProject
Project("{FAE04EC0-301F-11D3-BF4B-00C04F79EFBC}") = "02.PascalTriangle", "02.PascalTriangle\02.PascalTriangle.csproj", "{D765F8E4-9EE4-4081-B20C-8B7CAF9D368B}"
EndProject
Project("{FAE04EC0-301F-11D3-BF4B-00C04F79EFBC}") = "03.RecursiveFibonacci", "03.RecursiveFibonacci\03.RecursiveFibonacci.csproj", "{878680A8-D7CB-438A-91DF-47B7BA7F2D3E}"
EndProject
Project("{FAE04EC0-301F-11D3-BF4B-00C04F79EFBC}") = "04.FoldAndSum", "04.FoldAndSum\04.FoldAndSum.csproj", "{27989CB6-048F-43F5-BBC8-EAA17017EA51}"
EndProject
Project("{FAE04EC0-301F-11D3-BF4B-00C04F79EFBC}") = "05.LIS", "05.LIS\05.LIS.csproj", "{B0306DF3-2F47-45CF-B90C-EEA7EF5EB5DB}"
EndProject
Global
	GlobalSection(SolutionConfigurationPlatforms) = preSolution
		Debug|Any CPU = Debug|Any CPU
		Release|Any CPU = Release|Any CPU
	EndGlobalSection
	GlobalSection(ProjectConfigurationPlatforms) = postSolution
		{408D675F-88AF-4C6A-AB2A-D5E2BF2D47E1}.Debug|Any CPU.ActiveCfg = Debug|Any CPU
		{408D675F-88AF-4C6A-AB2A-D5E2BF2D47E1}.Debug|Any CPU.Build.0 = Debug|Any CPU
		{408D675F-88AF-4C6A-AB2A-D5E2BF2D47E1}.Release|Any CPU.ActiveCfg = Release|Any CPU
		{408D675F-88AF-4C6A-AB2A-D5E2BF2D47E1}.Release|Any CPU.Build.0 = Release|Any CPU
		{D765F8E4-9EE4-4081-B20C-8B7CAF9D368B}.Debug|Any CPU.ActiveCfg = Debug|Any CPU
		{D765F8E4-9EE4-4081-B20C-8B7CAF9D368B}.Debug|Any CPU.Build.0 = Debug|Any CPU
		{D765F8E4-9EE4-4081-B20C-8B7CAF9D368B}.Release|Any CPU.ActiveCfg = Release|Any CPU
		{D765F8E4-9EE4-4081-B20C-8B7CAF9D368B}.Release|Any CPU.Build.0 = Release|Any CPU
		{878680A8-D7CB-438A-91DF-47B7BA7F2D3E}.Debug|Any CPU.ActiveCfg = Debug|Any CPU
		{878680A8-D7CB-438A-91DF-47B7BA7F2D3E}.Debug|Any CPU.Build.0 = Debug|Any CPU
		{878680A8-D7CB-438A-91DF-47B7BA7F2D3E}.Release|Any CPU.ActiveCfg = Release|Any CPU
		{878680A8-D7CB-438A-91DF-47B7BA7F2D3E}.Release|Any CPU.Build.0 = Release|Any CPU
		{27989CB6-048F-43F5-BBC8-EAA17017EA51}.Debug|Any CPU.ActiveCfg = Debug|Any CPU
		{27989CB6-048F-43F5-BBC8-EAA17017EA51}.Debug|Any CPU.Build.0 = Debug|Any CPU
		{27989CB6-048F-43F5-BBC8-EAA17017EA51}.Release|Any CPU.ActiveCfg = Release|Any CPU
		{27989CB6-048F-43F5-BBC8-EAA17017EA51}.Release|Any CPU.Build.0 = Release|Any CPU
		{B0306DF3-2F47-45CF-B90C-EEA7EF5EB5DB}.Debug|Any CPU.ActiveCfg = Debug|Any CPU
		{B0306DF3-2F47-45CF-B90C-EEA7EF5EB5DB}.Debug|Any CPU.Build.0 = Debug|Any CPU
		{B0306DF3-2F47-45CF-B90C-EEA7EF5EB5DB}.Release|Any CPU.ActiveCfg = Release|Any CPU
		{B0306DF3-2F47-45CF-B90C-EEA7EF5EB5DB}.Release|Any CPU.Build.0 = Release|Any CPU
	EndGlobalSection
	GlobalSection(SolutionProperties) = preSolution
		HideSolutionNode = FALSE
	EndGlobalSection
	GlobalSection(ExtensibilityGlobals) = postSolution
		SolutionGuid = {68FFA775-5484-4F6D-8DA1-409A662C1563}
	EndGlobalSection
EndGlobal
