
Microsoft Visual Studio Solution File, Format Version 12.00
# Visual Studio Version 17
VisualStudioVersion = 17.9.34518.117
MinimumVisualStudioVersion = 10.0.40219.1
Project("{FAE04EC0-301F-11D3-BF4B-00C04F79EFBC}") = "01.BonusScoringSystem", "01.BonusScoringSystem\01.BonusScoringSystem.csproj", "{BA4516C9-A9D9-446C-B3B9-02CB85C2EDAD}"
EndProject
Project("{FAE04EC0-301F-11D3-BF4B-00C04F79EFBC}") = "02.MuOnline", "02.MuOnline\02.MuOnline.csproj", "{1C0AB064-197E-46E8-8978-79C0A2E20E55}"
EndProject
Global
	GlobalSection(SolutionConfigurationPlatforms) = preSolution
		Debug|Any CPU = Debug|Any CPU
		Release|Any CPU = Release|Any CPU
	EndGlobalSection
	GlobalSection(ProjectConfigurationPlatforms) = postSolution
		{BA4516C9-A9D9-446C-B3B9-02CB85C2EDAD}.Debug|Any CPU.ActiveCfg = Debug|Any CPU
		{BA4516C9-A9D9-446C-B3B9-02CB85C2EDAD}.Debug|Any CPU.Build.0 = Debug|Any CPU
		{BA4516C9-A9D9-446C-B3B9-02CB85C2EDAD}.Release|Any CPU.ActiveCfg = Release|Any CPU
		{BA4516C9-A9D9-446C-B3B9-02CB85C2EDAD}.Release|Any CPU.Build.0 = Release|Any CPU
		{1C0AB064-197E-46E8-8978-79C0A2E20E55}.Debug|Any CPU.ActiveCfg = Debug|Any CPU
		{1C0AB064-197E-46E8-8978-79C0A2E20E55}.Debug|Any CPU.Build.0 = Debug|Any CPU
		{1C0AB064-197E-46E8-8978-79C0A2E20E55}.Release|Any CPU.ActiveCfg = Release|Any CPU
		{1C0AB064-197E-46E8-8978-79C0A2E20E55}.Release|Any CPU.Build.0 = Release|Any CPU
	EndGlobalSection
	GlobalSection(SolutionProperties) = preSolution
		HideSolutionNode = FALSE
	EndGlobalSection
	GlobalSection(ExtensibilityGlobals) = postSolution
		SolutionGuid = {1211C449-EEC2-4E02-B16F-A6DD42C85BD6}
	EndGlobalSection
EndGlobal
